
Microsoft Visual Studio Solution File, Format Version 12.00
# Visual Studio Version 17
VisualStudioVersion = 17.3.32819.101
MinimumVisualStudioVersion = 10.0.40219.1
Project("{FAE04EC0-301F-11D3-BF4B-00C04F79EFBC}") = "Nhom14", "Nhom14\Nhom14.csproj", "{A13AE3A3-BDB7-4D38-B628-DE914B642B0C}"
EndProject
Global
	GlobalSection(SolutionConfigurationPlatforms) = preSolution
		Debug|Any CPU = Debug|Any CPU
		Release|Any CPU = Release|Any CPU
	EndGlobalSection
	GlobalSection(ProjectConfigurationPlatforms) = postSolution
		{A13AE3A3-BDB7-4D38-B628-DE914B642B0C}.Debug|Any CPU.ActiveCfg = Debug|Any CPU
		{A13AE3A3-BDB7-4D38-B628-DE914B642B0C}.Debug|Any CPU.Build.0 = Debug|Any CPU
		{A13AE3A3-BDB7-4D38-B628-DE914B642B0C}.Release|Any CPU.ActiveCfg = Release|Any CPU
		{A13AE3A3-BDB7-4D38-B628-DE914B642B0C}.Release|Any CPU.Build.0 = Release|Any CPU
	EndGlobalSection
	GlobalSection(SolutionProperties) = preSolution
		HideSolutionNode = FALSE
	EndGlobalSection
	GlobalSection(ExtensibilityGlobals) = postSolution
		SolutionGuid = {67B5F2F3-2814-4365-8B3A-EB46DE487F43}
	EndGlobalSection
EndGlobal
